
Microsoft Visual Studio Solution File, Format Version 12.00
# Visual Studio Version 16
VisualStudioVersion = 16.0.30621.155
MinimumVisualStudioVersion = 10.0.40219.1
Project("{FAE04EC0-301F-11D3-BF4B-00C04F79EFBC}") = "TryToGuess", "cw.TryToGuess\TryToGuess.csproj", "{7134432D-869D-4F09-AA11-D5CAFCBF39A3}"
EndProject
Project("{FAE04EC0-301F-11D3-BF4B-00C04F79EFBC}") = "UnitTestProject1", "UnitTestProject1\UnitTestProject1.csproj", "{14D0ABEB-0FD8-43BB-A6D3-61627B0FAFAD}"
EndProject
Global
	GlobalSection(SolutionConfigurationPlatforms) = preSolution
		Debug|Any CPU = Debug|Any CPU
		Release|Any CPU = Release|Any CPU
	EndGlobalSection
	GlobalSection(ProjectConfigurationPlatforms) = postSolution
		{7134432D-869D-4F09-AA11-D5CAFCBF39A3}.Debug|Any CPU.ActiveCfg = Debug|Any CPU
		{7134432D-869D-4F09-AA11-D5CAFCBF39A3}.Debug|Any CPU.Build.0 = Debug|Any CPU
		{7134432D-869D-4F09-AA11-D5CAFCBF39A3}.Release|Any CPU.ActiveCfg = Release|Any CPU
		{7134432D-869D-4F09-AA11-D5CAFCBF39A3}.Release|Any CPU.Build.0 = Release|Any CPU
		{14D0ABEB-0FD8-43BB-A6D3-61627B0FAFAD}.Debug|Any CPU.ActiveCfg = Debug|Any CPU
		{14D0ABEB-0FD8-43BB-A6D3-61627B0FAFAD}.Debug|Any CPU.Build.0 = Debug|Any CPU
		{14D0ABEB-0FD8-43BB-A6D3-61627B0FAFAD}.Release|Any CPU.ActiveCfg = Release|Any CPU
		{14D0ABEB-0FD8-43BB-A6D3-61627B0FAFAD}.Release|Any CPU.Build.0 = Release|Any CPU
	EndGlobalSection
	GlobalSection(SolutionProperties) = preSolution
		HideSolutionNode = FALSE
	EndGlobalSection
	GlobalSection(ExtensibilityGlobals) = postSolution
		SolutionGuid = {307859DE-81F6-48FA-994B-483D6063C777}
	EndGlobalSection
EndGlobal
